
Microsoft Visual Studio Solution File, Format Version 12.00
# Visual Studio Version 17
VisualStudioVersion = 17.1.32328.378
MinimumVisualStudioVersion = 10.0.40219.1
Project("{9A19103F-16F7-4668-BE54-9A1E7A4F7556}") = "School.Api", "SchoolApi\School.Api.csproj", "{CDD54D93-24A4-4753-8436-71847895663D}"
EndProject
Project("{FAE04EC0-301F-11D3-BF4B-00C04F79EFBC}") = "School.Api.Data", "School.Api.Data\School.Api.Data.csproj", "{D8348F88-16FF-4815-8C78-B8AE7C837567}"
EndProject
Project("{FAE04EC0-301F-11D3-BF4B-00C04F79EFBC}") = "School.Api.Graph", "School.Api.Graph\School.Api.Graph.csproj", "{7B6826EF-4243-4A8F-8850-91CFF3E0B2C5}"
EndProject
Global
	GlobalSection(SolutionConfigurationPlatforms) = preSolution
		Debug|Any CPU = Debug|Any CPU
		Release|Any CPU = Release|Any CPU
	EndGlobalSection
	GlobalSection(ProjectConfigurationPlatforms) = postSolution
		{CDD54D93-24A4-4753-8436-71847895663D}.Debug|Any CPU.ActiveCfg = Debug|Any CPU
		{CDD54D93-24A4-4753-8436-71847895663D}.Debug|Any CPU.Build.0 = Debug|Any CPU
		{CDD54D93-24A4-4753-8436-71847895663D}.Release|Any CPU.ActiveCfg = Release|Any CPU
		{CDD54D93-24A4-4753-8436-71847895663D}.Release|Any CPU.Build.0 = Release|Any CPU
		{D8348F88-16FF-4815-8C78-B8AE7C837567}.Debug|Any CPU.ActiveCfg = Debug|Any CPU
		{D8348F88-16FF-4815-8C78-B8AE7C837567}.Debug|Any CPU.Build.0 = Debug|Any CPU
		{D8348F88-16FF-4815-8C78-B8AE7C837567}.Release|Any CPU.ActiveCfg = Release|Any CPU
		{D8348F88-16FF-4815-8C78-B8AE7C837567}.Release|Any CPU.Build.0 = Release|Any CPU
		{7B6826EF-4243-4A8F-8850-91CFF3E0B2C5}.Debug|Any CPU.ActiveCfg = Debug|Any CPU
		{7B6826EF-4243-4A8F-8850-91CFF3E0B2C5}.Debug|Any CPU.Build.0 = Debug|Any CPU
		{7B6826EF-4243-4A8F-8850-91CFF3E0B2C5}.Release|Any CPU.ActiveCfg = Release|Any CPU
		{7B6826EF-4243-4A8F-8850-91CFF3E0B2C5}.Release|Any CPU.Build.0 = Release|Any CPU
	EndGlobalSection
	GlobalSection(SolutionProperties) = preSolution
		HideSolutionNode = FALSE
	EndGlobalSection
	GlobalSection(ExtensibilityGlobals) = postSolution
		SolutionGuid = {145AC4E1-89B2-4945-B889-998FCB7A3D37}
	EndGlobalSection
EndGlobal
